// !$*UTF8*$!
{
	archiveVersion = 1;
	classes = {
	};
	objectVersion = 56;
	objects = {

/* Begin PBXBuildFile section */
		A410346B2C2FA5C4008DD32B /* test1App.swift in Sources */ = {isa = PBXBuildFile; fileRef = A410346A2C2FA5C4008DD32B /* test1App.swift */; };
		A410346D2C2FA5C4008DD32B /* ContentView.swift in Sources */ = {isa = PBXBuildFile; fileRef = A410346C2C2FA5C4008DD32B /* ContentView.swift */; };
		A410346F2C2FA5C4008DD32B /* Assets.xcassets in Resources */ = {isa = PBXBuildFile; fileRef = A410346E2C2FA5C4008DD32B /* Assets.xcassets */; };
		A41034722C2FA5C4008DD32B /* Preview Assets.xcassets in Resources */ = {isa = PBXBuildFile; fileRef = A41034712C2FA5C4008DD32B /* Preview Assets.xcassets */; };
		A410347C2C2FA5C5008DD32B /* test1Tests.swift in Sources */ = {isa = PBXBuildFile; fileRef = A410347B2C2FA5C5008DD32B /* test1Tests.swift */; };
		A41034862C2FA5C5008DD32B /* test1UITests.swift in Sources */ = {isa = PBXBuildFile; fileRef = A41034852C2FA5C5008DD32B /* test1UITests.swift */; };
		A41034882C2FA5C5008DD32B /* test1UITestsLaunchTests.swift in Sources */ = {isa = PBXBuildFile; fileRef = A41034872C2FA5C5008DD32B /* test1UITestsLaunchTests.swift */; };
		A41034952C2FA760008DD32B /* HealthDataManager.swift in Sources */ = {isa = PBXBuildFile; fileRef = A41034942C2FA760008DD32B /* HealthDataManager.swift */; };
/* End PBXBuildFile section */

/* Begin PBXContainerItemProxy section */
		A41034782C2FA5C5008DD32B /* PBXContainerItemProxy */ = {
			isa = PBXContainerItemProxy;
			containerPortal = A410345F2C2FA5C4008DD32B /* Project object */;
			proxyType = 1;
			remoteGlobalIDString = A41034662C2FA5C4008DD32B;
			remoteInfo = test1;
		};
		A41034822C2FA5C5008DD32B /* PBXContainerItemProxy */ = {
			isa = PBXContainerItemProxy;
			containerPortal = A410345F2C2FA5C4008DD32B /* Project object */;
			proxyType = 1;
			remoteGlobalIDString = A41034662C2FA5C4008DD32B;
			remoteInfo = test1;
		};
/* End PBXContainerItemProxy section */

/* Begin PBXFileReference section */
		A41034672C2FA5C4008DD32B /* test1.app */ = {isa = PBXFileReference; explicitFileType = wrapper.application; includeInIndex = 0; path = test1.app; sourceTree = BUILT_PRODUCTS_DIR; };
		A410346A2C2FA5C4008DD32B /* test1App.swift */ = {isa = PBXFileReference; lastKnownFileType = sourcecode.swift; path = test1App.swift; sourceTree = "<group>"; };
		A410346C2C2FA5C4008DD32B /* ContentView.swift */ = {isa = PBXFileReference; lastKnownFileType = sourcecode.swift; path = ContentView.swift; sourceTree = "<group>"; };
		A410346E2C2FA5C4008DD32B /* Assets.xcassets */ = {isa = PBXFileReference; lastKnownFileType = folder.assetcatalog; path = Assets.xcassets; sourceTree = "<group>"; };
		A41034712C2FA5C4008DD32B /* Preview Assets.xcassets */ = {isa = PBXFileReference; lastKnownFileType = folder.assetcatalog; path = "Preview Assets.xcassets"; sourceTree = "<group>"; };
		A41034772C2FA5C5008DD32B /* test1Tests.xctest */ = {isa = PBXFileReference; explicitFileType = wrapper.cfbundle; includeInIndex = 0; path = test1Tests.xctest; sourceTree = BUILT_PRODUCTS_DIR; };
		A410347B2C2FA5C5008DD32B /* test1Tests.swift */ = {isa = PBXFileReference; lastKnownFileType = sourcecode.swift; path = test1Tests.swift; sourceTree = "<group>"; };
		A41034812C2FA5C5008DD32B /* test1UITests.xctest */ = {isa = PBXFileReference; explicitFileType = wrapper.cfbundle; includeInIndex = 0; path = test1UITests.xctest; sourceTree = BUILT_PRODUCTS_DIR; };
		A41034852C2FA5C5008DD32B /* test1UITests.swift */ = {isa = PBXFileReference; lastKnownFileType = sourcecode.swift; path = test1UITests.swift; sourceTree = "<group>"; };
		A41034872C2FA5C5008DD32B /* test1UITestsLaunchTests.swift */ = {isa = PBXFileReference; lastKnownFileType = sourcecode.swift; path = test1UITestsLaunchTests.swift; sourceTree = "<group>"; };
		A41034942C2FA760008DD32B /* HealthDataManager.swift */ = {isa = PBXFileReference; lastKnownFileType = sourcecode.swift; path = HealthDataManager.swift; sourceTree = "<group>"; };
/* End PBXFileReference section */

/* Begin PBXFrameworksBuildPhase section */
		A41034642C2FA5C4008DD32B /* Frameworks */ = {
			isa = PBXFrameworksBuildPhase;
			buildActionMask = 2147483647;
			files = (
			);
			runOnlyForDeploymentPostprocessing = 0;
		};
		A41034742C2FA5C5008DD32B /* Frameworks */ = {
			isa = PBXFrameworksBuildPhase;
			buildActionMask = 2147483647;
			files = (
			);
			runOnlyForDeploymentPostprocessing = 0;
		};
		A410347E2C2FA5C5008DD32B /* Frameworks */ = {
			isa = PBXFrameworksBuildPhase;
			buildActionMask = 2147483647;
			files = (
			);
			runOnlyForDeploymentPostprocessing = 0;
		};
/* End PBXFrameworksBuildPhase section */

/* Begin PBXGroup section */
		A410345E2C2FA5C4008DD32B = {
			isa = PBXGroup;
			children = (
				A41034692C2FA5C4008DD32B /* test1 */,
				A410347A2C2FA5C5008DD32B /* test1Tests */,
				A41034842C2FA5C5008DD32B /* test1UITests */,
				A41034682C2FA5C4008DD32B /* Products */,
			);
			sourceTree = "<group>";
		};
		A41034682C2FA5C4008DD32B /* Products */ = {
			isa = PBXGroup;
			children = (
				A41034672C2FA5C4008DD32B /* test1.app */,
				A41034772C2FA5C5008DD32B /* test1Tests.xctest */,
				A41034812C2FA5C5008DD32B /* test1UITests.xctest */,
			);
			name = Products;
			sourceTree = "<group>";
		};
		A41034692C2FA5C4008DD32B /* test1 */ = {
			isa = PBXGroup;
			children = (
				A410346A2C2FA5C4008DD32B /* test1App.swift */,
				A410346C2C2FA5C4008DD32B /* ContentView.swift */,
				A41034942C2FA760008DD32B /* HealthDataManager.swift */,
				A410346E2C2FA5C4008DD32B /* Assets.xcassets */,
				A41034702C2FA5C4008DD32B /* Preview Content */,
			);
			path = test1;
			sourceTree = "<group>";
		};
		A41034702C2FA5C4008DD32B /* Preview Content */ = {
			isa = PBXGroup;
			children = (
				A41034712C2FA5C4008DD32B /* Preview Assets.xcassets */,
			);
			path = "Preview Content";
			sourceTree = "<group>";
		};
		A410347A2C2FA5C5008DD32B /* test1Tests */ = {
			isa = PBXGroup;
			children = (
				A410347B2C2FA5C5008DD32B /* test1Tests.swift */,
			);
			path = test1Tests;
			sourceTree = "<group>";
		};
		A41034842C2FA5C5008DD32B /* test1UITests */ = {
			isa = PBXGroup;
			children = (
				A41034852C2FA5C5008DD32B /* test1UITests.swift */,
				A41034872C2FA5C5008DD32B /* test1UITestsLaunchTests.swift */,
			);
			path = test1UITests;
			sourceTree = "<group>";
		};
/* End PBXGroup section */

/* Begin PBXNativeTarget section */
		A41034662C2FA5C4008DD32B /* test1 */ = {
			isa = PBXNativeTarget;
			buildConfigurationList = A410348B2C2FA5C5008DD32B /* Build configuration list for PBXNativeTarget "test1" */;
			buildPhases = (
				A41034632C2FA5C4008DD32B /* Sources */,
				A41034642C2FA5C4008DD32B /* Frameworks */,
				A41034652C2FA5C4008DD32B /* Resources */,
			);
			buildRules = (
			);
			dependencies = (
			);
			name = test1;
			productName = test1;
			productReference = A41034672C2FA5C4008DD32B /* test1.app */;
			productType = "com.apple.product-type.application";
		};
		A41034762C2FA5C5008DD32B /* test1Tests */ = {
			isa = PBXNativeTarget;
			buildConfigurationList = A410348E2C2FA5C5008DD32B /* Build configuration list for PBXNativeTarget "test1Tests" */;
			buildPhases = (
				A41034732C2FA5C5008DD32B /* Sources */,
				A41034742C2FA5C5008DD32B /* Frameworks */,
				A41034752C2FA5C5008DD32B /* Resources */,
			);
			buildRules = (
			);
			dependencies = (
				A41034792C2FA5C5008DD32B /* PBXTargetDependency */,
			);
			name = test1Tests;
			productName = test1Tests;
			productReference = A41034772C2FA5C5008DD32B /* test1Tests.xctest */;
			productType = "com.apple.product-type.bundle.unit-test";
		};
		A41034802C2FA5C5008DD32B /* test1UITests */ = {
			isa = PBXNativeTarget;
			buildConfigurationList = A41034912C2FA5C5008DD32B /* Build configuration list for PBXNativeTarget "test1UITests" */;
			buildPhases = (
				A410347D2C2FA5C5008DD32B /* Sources */,
				A410347E2C2FA5C5008DD32B /* Frameworks */,
				A410347F2C2FA5C5008DD32B /* Resources */,
			);
			buildRules = (
			);
			dependencies = (
				A41034832C2FA5C5008DD32B /* PBXTargetDependency */,
			);
			name = test1UITests;
			productName = test1UITests;
			productReference = A41034812C2FA5C5008DD32B /* test1UITests.xctest */;
			productType = "com.apple.product-type.bundle.ui-testing";
		};
/* End PBXNativeTarget section */

/* Begin PBXProject section */
		A410345F2C2FA5C4008DD32B /* Project object */ = {
			isa = PBXProject;
			attributes = {
				BuildIndependentTargetsInParallel = 1;
				LastSwiftUpdateCheck = 1540;
				LastUpgradeCheck = 1540;
				TargetAttributes = {
					A41034662C2FA5C4008DD32B = {
						CreatedOnToolsVersion = 15.4;
					};
					A41034762C2FA5C5008DD32B = {
						CreatedOnToolsVersion = 15.4;
						TestTargetID = A41034662C2FA5C4008DD32B;
					};
					A41034802C2FA5C5008DD32B = {
						CreatedOnToolsVersion = 15.4;
						TestTargetID = A41034662C2FA5C4008DD32B;
					};
				};
			};
			buildConfigurationList = A41034622C2FA5C4008DD32B /* Build configuration list for PBXProject "test1" */;
			compatibilityVersion = "Xcode 14.0";
			developmentRegion = en;
			hasScannedForEncodings = 0;
			knownRegions = (
				en,
				Base,
			);
			mainGroup = A410345E2C2FA5C4008DD32B;
			productRefGroup = A41034682C2FA5C4008DD32B /* Products */;
			projectDirPath = "";
			projectRoot = "";
			targets = (
				A41034662C2FA5C4008DD32B /* test1 */,
				A41034762C2FA5C5008DD32B /* test1Tests */,
				A41034802C2FA5C5008DD32B /* test1UITests */,
			);
		};
/* End PBXProject section */

/* Begin PBXResourcesBuildPhase section */
		A41034652C2FA5C4008DD32B /* Resources */ = {
			isa = PBXResourcesBuildPhase;
			buildActionMask = 2147483647;
			files = (
				A41034722C2FA5C4008DD32B /* Preview Assets.xcassets in Resources */,
				A410346F2C2FA5C4008DD32B /* Assets.xcassets in Resources */,
			);
			runOnlyForDeploymentPostprocessing = 0;
		};
		A41034752C2FA5C5008DD32B /* Resources */ = {
			isa = PBXResourcesBuildPhase;
			buildActionMask = 2147483647;
			files = (
			);
			runOnlyForDeploymentPostprocessing = 0;
		};
		A410347F2C2FA5C5008DD32B /* Resources */ = {
			isa = PBXResourcesBuildPhase;
			buildActionMask = 2147483647;
			files = (
			);
			runOnlyForDeploymentPostprocessing = 0;
		};
/* End PBXResourcesBuildPhase section */

/* Begin PBXSourcesBuildPhase section */
		A41034632C2FA5C4008DD32B /* Sources */ = {
			isa = PBXSourcesBuildPhase;
			buildActionMask = 2147483647;
			files = (
				A410346D2C2FA5C4008DD32B /* ContentView.swift in Sources */,
				A410346B2C2FA5C4008DD32B /* test1App.swift in Sources */,
				A41034952C2FA760008DD32B /* HealthDataManager.swift in Sources */,
			);
			runOnlyForDeploymentPostprocessing = 0;
		};
		A41034732C2FA5C5008DD32B /* Sources */ = {
			isa = PBXSourcesBuildPhase;
			buildActionMask = 2147483647;
			files = (
				A410347C2C2FA5C5008DD32B /* test1Tests.swift in Sources */,
			);
			runOnlyForDeploymentPostprocessing = 0;
		};
		A410347D2C2FA5C5008DD32B /* Sources */ = {
			isa = PBXSourcesBuildPhase;
			buildActionMask = 2147483647;
			files = (
				A41034882C2FA5C5008DD32B /* test1UITestsLaunchTests.swift in Sources */,
				A41034862C2FA5C5008DD32B /* test1UITests.swift in Sources */,
			);
			runOnlyForDeploymentPostprocessing = 0;
		};
/* End PBXSourcesBuildPhase section */

/* Begin PBXTargetDependency section */
		A41034792C2FA5C5008DD32B /* PBXTargetDependency */ = {
			isa = PBXTargetDependency;
			target = A41034662C2FA5C4008DD32B /* test1 */;
			targetProxy = A41034782C2FA5C5008DD32B /* PBXContainerItemProxy */;
		};
		A41034832C2FA5C5008DD32B /* PBXTargetDependency */ = {
			isa = PBXTargetDependency;
			target = A41034662C2FA5C4008DD32B /* test1 */;
			targetProxy = A41034822C2FA5C5008DD32B /* PBXContainerItemProxy */;
		};
/* End PBXTargetDependency section */

/* Begin XCBuildConfiguration section */
		A41034892C2FA5C5008DD32B /* Debug */ = {
			isa = XCBuildConfiguration;
			buildSettings = {
				ALWAYS_SEARCH_USER_PATHS = NO;
				ASSETCATALOG_COMPILER_GENERATE_SWIFT_ASSET_SYMBOL_EXTENSIONS = YES;
				CLANG_ANALYZER_NONNULL = YES;
				CLANG_ANALYZER_NUMBER_OBJECT_CONVERSION = YES_AGGRESSIVE;
				CLANG_CXX_LANGUAGE_STANDARD = "gnu++20";
				CLANG_ENABLE_MODULES = YES;
				CLANG_ENABLE_OBJC_ARC = YES;
				CLANG_ENABLE_OBJC_WEAK = YES;
				CLANG_WARN_BLOCK_CAPTURE_AUTORELEASING = YES;
				CLANG_WARN_BOOL_CONVERSION = YES;
				CLANG_WARN_COMMA = YES;
				CLANG_WARN_CONSTANT_CONVERSION = YES;
				CLANG_WARN_DEPRECATED_OBJC_IMPLEMENTATIONS = YES;
				CLANG_WARN_DIRECT_OBJC_ISA_USAGE = YES_ERROR;
				CLANG_WARN_DOCUMENTATION_COMMENTS = YES;
				CLANG_WARN_EMPTY_BODY = YES;
				CLANG_WARN_ENUM_CONVERSION = YES;
				CLANG_WARN_INFINITE_RECURSION = YES;
				CLANG_WARN_INT_CONVERSION = YES;
				CLANG_WARN_NON_LITERAL_NULL_CONVERSION = YES;
				CLANG_WARN_OBJC_IMPLICIT_RETAIN_SELF = YES;
				CLANG_WARN_OBJC_LITERAL_CONVERSION = YES;
				CLANG_WARN_OBJC_ROOT_CLASS = YES_ERROR;
				CLANG_WARN_QUOTED_INCLUDE_IN_FRAMEWORK_HEADER = YES;
				CLANG_WARN_RANGE_LOOP_ANALYSIS = YES;
				CLANG_WARN_STRICT_PROTOTYPES = YES;
				CLANG_WARN_SUSPICIOUS_MOVE = YES;
				CLANG_WARN_UNGUARDED_AVAILABILITY = YES_AGGRESSIVE;
				CLANG_WARN_UNREACHABLE_CODE = YES;
				CLANG_WARN__DUPLICATE_METHOD_MATCH = YES;
				COPY_PHASE_STRIP = NO;
				DEBUG_INFORMATION_FORMAT = dwarf;
				ENABLE_STRICT_OBJC_MSGSEND = YES;
				ENABLE_TESTABILITY = YES;
				ENABLE_USER_SCRIPT_SANDBOXING = YES;
				GCC_C_LANGUAGE_STANDARD = gnu17;
				GCC_DYNAMIC_NO_PIC = NO;
				GCC_NO_COMMON_BLOCKS = YES;
				GCC_OPTIMIZATION_LEVEL = 0;
				GCC_PREPROCESSOR_DEFINITIONS = (
					"DEBUG=1",
					"$(inherited)",
				);
				GCC_WARN_64_TO_32_BIT_CONVERSION = YES;
				GCC_WARN_ABOUT_RETURN_TYPE = YES_ERROR;
				GCC_WARN_UNDECLARED_SELECTOR = YES;
				GCC_WARN_UNINITIALIZED_AUTOS = YES_AGGRESSIVE;
				GCC_WARN_UNUSED_FUNCTION = YES;
				GCC_WARN_UNUSED_VARIABLE = YES;
				IPHONEOS_DEPLOYMENT_TARGET = 17.5;
				LOCALIZATION_PREFERS_STRING_CATALOGS = YES;
				MTL_ENABLE_DEBUG_INFO = INCLUDE_SOURCE;
				MTL_FAST_MATH = YES;
				ONLY_ACTIVE_ARCH = YES;
				SDKROOT = iphoneos;
				SWIFT_ACTIVE_COMPILATION_CONDITIONS = "DEBUG $(inherited)";
				SWIFT_OPTIMIZATION_LEVEL = "-Onone";
			};
			name = Debug;
		};
		A410348A2C2FA5C5008DD32B /* Release */ = {
			isa = XCBuildConfiguration;
			buildSettings = {
				ALWAYS_SEARCH_USER_PATHS = NO;
				ASSETCATALOG_COMPILER_GENERATE_SWIFT_ASSET_SYMBOL_EXTENSIONS = YES;
				CLANG_ANALYZER_NONNULL = YES;
				CLANG_ANALYZER_NUMBER_OBJECT_CONVERSION = YES_AGGRESSIVE;
				CLANG_CXX_LANGUAGE_STANDARD = "gnu++20";
				CLANG_ENABLE_MODULES = YES;
				CLANG_ENABLE_OBJC_ARC = YES;
				CLANG_ENABLE_OBJC_WEAK = YES;
				CLANG_WARN_BLOCK_CAPTURE_AUTORELEASING = YES;
				CLANG_WARN_BOOL_CONVERSION = YES;
				CLANG_WARN_COMMA = YES;
				CLANG_WARN_CONSTANT_CONVERSION = YES;
				CLANG_WARN_DEPRECATED_OBJC_IMPLEMENTATIONS = YES;
				CLANG_WARN_DIRECT_OBJC_ISA_USAGE = YES_ERROR;
				CLANG_WARN_DOCUMENTATION_COMMENTS = YES;
				CLANG_WARN_EMPTY_BODY = YES;
				CLANG_WARN_ENUM_CONVERSION = YES;
				CLANG_WARN_INFINITE_RECURSION = YES;
				CLANG_WARN_INT_CONVERSION = YES;
				CLANG_WARN_NON_LITERAL_NULL_CONVERSION = YES;
				CLANG_WARN_OBJC_IMPLICIT_RETAIN_SELF = YES;
				CLANG_WARN_OBJC_LITERAL_CONVERSION = YES;
				CLANG_WARN_OBJC_ROOT_CLASS = YES_ERROR;
				CLANG_WARN_QUOTED_INCLUDE_IN_FRAMEWORK_HEADER = YES;
				CLANG_WARN_RANGE_LOOP_ANALYSIS = YES;
				CLANG_WARN_STRICT_PROTOTYPES = YES;
				CLANG_WARN_SUSPICIOUS_MOVE = YES;
				CLANG_WARN_UNGUARDED_AVAILABILITY = YES_AGGRESSIVE;
				CLANG_WARN_UNREACHABLE_CODE = YES;
				CLANG_WARN__DUPLICATE_METHOD_MATCH = YES;
				COPY_PHASE_STRIP = NO;
				DEBUG_INFORMATION_FORMAT = "dwarf-with-dsym";
				ENABLE_NS_ASSERTIONS = NO;
				ENABLE_STRICT_OBJC_MSGSEND = YES;
				ENABLE_USER_SCRIPT_SANDBOXING = YES;
				GCC_C_LANGUAGE_STANDARD = gnu17;
				GCC_NO_COMMON_BLOCKS = YES;
				GCC_WARN_64_TO_32_BIT_CONVERSION = YES;
				GCC_WARN_ABOUT_RETURN_TYPE = YES_ERROR;
				GCC_WARN_UNDECLARED_SELECTOR = YES;
				GCC_WARN_UNINITIALIZED_AUTOS = YES_AGGRESSIVE;
				GCC_WARN_UNUSED_FUNCTION = YES;
				GCC_WARN_UNUSED_VARIABLE = YES;
				IPHONEOS_DEPLOYMENT_TARGET = 17.5;
				LOCALIZATION_PREFERS_STRING_CATALOGS = YES;
				MTL_ENABLE_DEBUG_INFO = NO;
				MTL_FAST_MATH = YES;
				SDKROOT = iphoneos;
				SWIFT_COMPILATION_MODE = wholemodule;
				VALIDATE_PRODUCT = YES;
			};
			name = Release;
		};
		A410348C2C2FA5C5008DD32B /* Debug */ = {
			isa = XCBuildConfiguration;
			buildSettings = {
				ASSETCATALOG_COMPILER_APPICON_NAME = AppIcon;
				ASSETCATALOG_COMPILER_GLOBAL_ACCENT_COLOR_NAME = AccentColor;
				CODE_SIGN_STYLE = Automatic;
				CURRENT_PROJECT_VERSION = 1;
				DEVELOPMENT_ASSET_PATHS = "\"test1/Preview Content\"";
				DEVELOPMENT_TEAM = 9R5V57PSCN;
				ENABLE_PREVIEWS = YES;
				GENERATE_INFOPLIST_FILE = YES;
				INFOPLIST_KEY_UIApplicationSceneManifest_Generation = YES;
				INFOPLIST_KEY_UIApplicationSupportsIndirectInputEvents = YES;
				INFOPLIST_KEY_UILaunchScreen_Generation = YES;
				INFOPLIST_KEY_UISupportedInterfaceOrientations_iPad = "UIInterfaceOrientationPortrait UIInterfaceOrientationPortraitUpsideDown UIInterfaceOrientationLandscapeLeft UIInterfaceOrientationLandscapeRight";
				INFOPLIST_KEY_UISupportedInterfaceOrientations_iPhone = "UIInterfaceOrientationPortrait UIInterfaceOrientationLandscapeLeft UIInterfaceOrientationLandscapeRight";
				LD_RUNPATH_SEARCH_PATHS = (
					"$(inherited)",
					"@executable_path/Frameworks",
				);
				MARKETING_VERSION = 1.0;
				PRODUCT_BUNDLE_IDENTIFIER = unknown.test1;
				PRODUCT_NAME = "$(TARGET_NAME)";
				SWIFT_EMIT_LOC_STRINGS = YES;
				SWIFT_VERSION = 5.0;
				TARGETED_DEVICE_FAMILY = "1,2";
			};
			name = Debug;
		};
		A410348D2C2FA5C5008DD32B /* Release */ = {
			isa = XCBuildConfiguration;
			buildSettings = {
				ASSETCATALOG_COMPILER_APPICON_NAME = AppIcon;
				ASSETCATALOG_COMPILER_GLOBAL_ACCENT_COLOR_NAME = AccentColor;
				CODE_SIGN_STYLE = Automatic;
				CURRENT_PROJECT_VERSION = 1;
				DEVELOPMENT_ASSET_PATHS = "\"test1/Preview Content\"";
				DEVELOPMENT_TEAM = 9R5V57PSCN;
				ENABLE_PREVIEWS = YES;
				GENERATE_INFOPLIST_FILE = YES;
				INFOPLIST_KEY_UIApplicationSceneManifest_Generation = YES;
				INFOPLIST_KEY_UIApplicationSupportsIndirectInputEvents = YES;
				INFOPLIST_KEY_UILaunchScreen_Generation = YES;
				INFOPLIST_KEY_UISupportedInterfaceOrientations_iPad = "UIInterfaceOrientationPortrait UIInterfaceOrientationPortraitUpsideDown UIInterfaceOrientationLandscapeLeft UIInterfaceOrientationLandscapeRight";
				INFOPLIST_KEY_UISupportedInterfaceOrientations_iPhone = "UIInterfaceOrientationPortrait UIInterfaceOrientationLandscapeLeft UIInterfaceOrientationLandscapeRight";
				LD_RUNPATH_SEARCH_PATHS = (
					"$(inherited)",
					"@executable_path/Frameworks",
				);
				MARKETING_VERSION = 1.0;
				PRODUCT_BUNDLE_IDENTIFIER = unknown.test1;
				PRODUCT_NAME = "$(TARGET_NAME)";
				SWIFT_EMIT_LOC_STRINGS = YES;
				SWIFT_VERSION = 5.0;
				TARGETED_DEVICE_FAMILY = "1,2";
			};
			name = Release;
		};
		A410348F2C2FA5C5008DD32B /* Debug */ = {
			isa = XCBuildConfiguration;
			buildSettings = {
				ALWAYS_EMBED_SWIFT_STANDARD_LIBRARIES = YES;
				BUNDLE_LOADER = "$(TEST_HOST)";
				CODE_SIGN_STYLE = Automatic;
				CURRENT_PROJECT_VERSION = 1;
				DEVELOPMENT_TEAM = 9R5V57PSCN;
				GENERATE_INFOPLIST_FILE = YES;
				IPHONEOS_DEPLOYMENT_TARGET = 17.5;
				MARKETING_VERSION = 1.0;
				PRODUCT_BUNDLE_IDENTIFIER = unknown.test1Tests;
				PRODUCT_NAME = "$(TARGET_NAME)";
				SWIFT_EMIT_LOC_STRINGS = NO;
				SWIFT_VERSION = 5.0;
				TARGETED_DEVICE_FAMILY = "1,2";
				TEST_HOST = "$(BUILT_PRODUCTS_DIR)/test1.app/$(BUNDLE_EXECUTABLE_FOLDER_PATH)/test1";
			};
			name = Debug;
		};
		A41034902C2FA5C5008DD32B /* Release */ = {
			isa = XCBuildConfiguration;
			buildSettings = {
				ALWAYS_EMBED_SWIFT_STANDARD_LIBRARIES = YES;
				BUNDLE_LOADER = "$(TEST_HOST)";
				CODE_SIGN_STYLE = Automatic;
				CURRENT_PROJECT_VERSION = 1;
				DEVELOPMENT_TEAM = 9R5V57PSCN;
				GENERATE_INFOPLIST_FILE = YES;
				IPHONEOS_DEPLOYMENT_TARGET = 17.5;
				MARKETING_VERSION = 1.0;
				PRODUCT_BUNDLE_IDENTIFIER = unknown.test1Tests;
				PRODUCT_NAME = "$(TARGET_NAME)";
				SWIFT_EMIT_LOC_STRINGS = NO;
				SWIFT_VERSION = 5.0;
				TARGETED_DEVICE_FAMILY = "1,2";
				TEST_HOST = "$(BUILT_PRODUCTS_DIR)/test1.app/$(BUNDLE_EXECUTABLE_FOLDER_PATH)/test1";
			};
			name = Release;
		};
		A41034922C2FA5C5008DD32B /* Debug */ = {
			isa = XCBuildConfiguration;
			buildSettings = {
				ALWAYS_EMBED_SWIFT_STANDARD_LIBRARIES = YES;
				CODE_SIGN_STYLE = Automatic;
				CURRENT_PROJECT_VERSION = 1;
				DEVELOPMENT_TEAM = 9R5V57PSCN;
				GENERATE_INFOPLIST_FILE = YES;
				MARKETING_VERSION = 1.0;
				PRODUCT_BUNDLE_IDENTIFIER = unknown.test1UITests;
				PRODUCT_NAME = "$(TARGET_NAME)";
				SWIFT_EMIT_LOC_STRINGS = NO;
				SWIFT_VERSION = 5.0;
				TARGETED_DEVICE_FAMILY = "1,2";
				TEST_TARGET_NAME = test1;
			};
			name = Debug;
		};
		A41034932C2FA5C5008DD32B /* Release */ = {
			isa = XCBuildConfiguration;
			buildSettings = {
				ALWAYS_EMBED_SWIFT_STANDARD_LIBRARIES = YES;
				CODE_SIGN_STYLE = Automatic;
				CURRENT_PROJECT_VERSION = 1;
				DEVELOPMENT_TEAM = 9R5V57PSCN;
				GENERATE_INFOPLIST_FILE = YES;
				MARKETING_VERSION = 1.0;
				PRODUCT_BUNDLE_IDENTIFIER = unknown.test1UITests;
				PRODUCT_NAME = "$(TARGET_NAME)";
				SWIFT_EMIT_LOC_STRINGS = NO;
				SWIFT_VERSION = 5.0;
				TARGETED_DEVICE_FAMILY = "1,2";
				TEST_TARGET_NAME = test1;
			};
			name = Release;
		};
/* End XCBuildConfiguration section */

/* Begin XCConfigurationList section */
		A41034622C2FA5C4008DD32B /* Build configuration list for PBXProject "test1" */ = {
			isa = XCConfigurationList;
			buildConfigurations = (
				A41034892C2FA5C5008DD32B /* Debug */,
				A410348A2C2FA5C5008DD32B /* Release */,
			);
			defaultConfigurationIsVisible = 0;
			defaultConfigurationName = Release;
		};
		A410348B2C2FA5C5008DD32B /* Build configuration list for PBXNativeTarget "test1" */ = {
			isa = XCConfigurationList;
			buildConfigurations = (
				A410348C2C2FA5C5008DD32B /* Debug */,
				A410348D2C2FA5C5008DD32B /* Release */,
			);
			defaultConfigurationIsVisible = 0;
			defaultConfigurationName = Release;
		};
		A410348E2C2FA5C5008DD32B /* Build configuration list for PBXNativeTarget "test1Tests" */ = {
			isa = XCConfigurationList;
			buildConfigurations = (
				A410348F2C2FA5C5008DD32B /* Debug */,
				A41034902C2FA5C5008DD32B /* Release */,
			);
			defaultConfigurationIsVisible = 0;
			defaultConfigurationName = Release;
		};
		A41034912C2FA5C5008DD32B /* Build configuration list for PBXNativeTarget "test1UITests" */ = {
			isa = XCConfigurationList;
			buildConfigurations = (
				A41034922C2FA5C5008DD32B /* Debug */,
				A41034932C2FA5C5008DD32B /* Release */,
			);
			defaultConfigurationIsVisible = 0;
			defaultConfigurationName = Release;
		};
/* End XCConfigurationList section */
	};
	rootObject = A410345F2C2FA5C4008DD32B /* Project object */;
}
